
Microsoft Visual Studio Solution File, Format Version 12.00
# Visual Studio 15
VisualStudioVersion = 15.0.33801.198
MinimumVisualStudioVersion = 10.0.40219.1
Project("{FAE04EC0-301F-11D3-BF4B-00C04F79EFBC}") = "WindowsFormsApp4", "WindowsFormsApp4\WindowsFormsApp4.csproj", "{9ACBF314-B3BE-41FE-8BC4-4328A5673868}"
EndProject
Global
	GlobalSection(SolutionConfigurationPlatforms) = preSolution
		Debug|Any CPU = Debug|Any CPU
		Release|Any CPU = Release|Any CPU
	EndGlobalSection
	GlobalSection(ProjectConfigurationPlatforms) = postSolution
		{9ACBF314-B3BE-41FE-8BC4-4328A5673868}.Debug|Any CPU.ActiveCfg = Debug|Any CPU
		{9ACBF314-B3BE-41FE-8BC4-4328A5673868}.Debug|Any CPU.Build.0 = Debug|Any CPU
		{9ACBF314-B3BE-41FE-8BC4-4328A5673868}.Release|Any CPU.ActiveCfg = Release|Any CPU
		{9ACBF314-B3BE-41FE-8BC4-4328A5673868}.Release|Any CPU.Build.0 = Release|Any CPU
	EndGlobalSection
	GlobalSection(SolutionProperties) = preSolution
		HideSolutionNode = FALSE
	EndGlobalSection
	GlobalSection(ExtensibilityGlobals) = postSolution
		SolutionGuid = {1692CD2F-5832-4724-96B8-7ED7388C3E2B}
	EndGlobalSection
EndGlobal
